
Microsoft Visual Studio Solution File, Format Version 12.00
# Visual Studio Version 17
VisualStudioVersion = 17.4.33122.133
MinimumVisualStudioVersion = 10.0.40219.1
Project("{FAE04EC0-301F-11D3-BF4B-00C04F79EFBC}") = "WinFormsActiveAppsLog", "WinFormsActiveAppsLog\WinFormsActiveAppsLog.csproj", "{AE248553-BA4B-49AE-BA60-9301A615F2D7}"
EndProject
Global
	GlobalSection(SolutionConfigurationPlatforms) = preSolution
		Debug|Any CPU = Debug|Any CPU
		Release|Any CPU = Release|Any CPU
	EndGlobalSection
	GlobalSection(ProjectConfigurationPlatforms) = postSolution
		{AE248553-BA4B-49AE-BA60-9301A615F2D7}.Debug|Any CPU.ActiveCfg = Debug|Any CPU
		{AE248553-BA4B-49AE-BA60-9301A615F2D7}.Debug|Any CPU.Build.0 = Debug|Any CPU
		{AE248553-BA4B-49AE-BA60-9301A615F2D7}.Release|Any CPU.ActiveCfg = Release|Any CPU
		{AE248553-BA4B-49AE-BA60-9301A615F2D7}.Release|Any CPU.Build.0 = Release|Any CPU
	EndGlobalSection
	GlobalSection(SolutionProperties) = preSolution
		HideSolutionNode = FALSE
	EndGlobalSection
	GlobalSection(ExtensibilityGlobals) = postSolution
		SolutionGuid = {30715D3A-C162-4E23-BEF1-1527564B2E9D}
	EndGlobalSection
EndGlobal
